
Microsoft Visual Studio Solution File, Format Version 12.00
# Visual Studio Version 17
VisualStudioVersion = 17.4.33213.308
MinimumVisualStudioVersion = 10.0.40219.1
Project("{FAE04EC0-301F-11D3-BF4B-00C04F79EFBC}") = "App_Library", "App_Library.csproj", "{1A1AF6FF-D330-42FC-A82F-76C5B8214CD3}"
EndProject
Global
	GlobalSection(SolutionConfigurationPlatforms) = preSolution
		Debug|Any CPU = Debug|Any CPU
		Release|Any CPU = Release|Any CPU
	EndGlobalSection
	GlobalSection(ProjectConfigurationPlatforms) = postSolution
		{1A1AF6FF-D330-42FC-A82F-76C5B8214CD3}.Debug|Any CPU.ActiveCfg = Debug|Any CPU
		{1A1AF6FF-D330-42FC-A82F-76C5B8214CD3}.Debug|Any CPU.Build.0 = Debug|Any CPU
		{1A1AF6FF-D330-42FC-A82F-76C5B8214CD3}.Release|Any CPU.ActiveCfg = Release|Any CPU
		{1A1AF6FF-D330-42FC-A82F-76C5B8214CD3}.Release|Any CPU.Build.0 = Release|Any CPU
	EndGlobalSection
	GlobalSection(SolutionProperties) = preSolution
		HideSolutionNode = FALSE
	EndGlobalSection
	GlobalSection(ExtensibilityGlobals) = postSolution
		SolutionGuid = {378C6A31-7B5F-4D88-A1EA-2EFD6AC982B2}
	EndGlobalSection
EndGlobal
